
Microsoft Visual Studio Solution File, Format Version 12.00
# Visual Studio Version 16
VisualStudioVersion = 16.0.32002.261
MinimumVisualStudioVersion = 10.0.40219.1
Project("{FAE04EC0-301F-11D3-BF4B-00C04F79EFBC}") = "TrainingDurableFA", "TrainingDurableFA\TrainingDurableFA.csproj", "{FAFEDB25-ED02-4089-BE5C-94ADFF9664E3}"
EndProject
Global
	GlobalSection(SolutionConfigurationPlatforms) = preSolution
		Debug|Any CPU = Debug|Any CPU
		Release|Any CPU = Release|Any CPU
	EndGlobalSection
	GlobalSection(ProjectConfigurationPlatforms) = postSolution
		{FAFEDB25-ED02-4089-BE5C-94ADFF9664E3}.Debug|Any CPU.ActiveCfg = Debug|Any CPU
		{FAFEDB25-ED02-4089-BE5C-94ADFF9664E3}.Debug|Any CPU.Build.0 = Debug|Any CPU
		{FAFEDB25-ED02-4089-BE5C-94ADFF9664E3}.Release|Any CPU.ActiveCfg = Release|Any CPU
		{FAFEDB25-ED02-4089-BE5C-94ADFF9664E3}.Release|Any CPU.Build.0 = Release|Any CPU
	EndGlobalSection
	GlobalSection(SolutionProperties) = preSolution
		HideSolutionNode = FALSE
	EndGlobalSection
	GlobalSection(ExtensibilityGlobals) = postSolution
		SolutionGuid = {C10FD047-8488-4BAB-9232-762DB2D72DC1}
	EndGlobalSection
EndGlobal
